
Microsoft Visual Studio Solution File, Format Version 12.00
# Visual Studio Version 17
VisualStudioVersion = 17.0.31903.59
MinimumVisualStudioVersion = 10.0.40219.1
Project("{FAE04EC0-301F-11D3-BF4B-00C04F79EFBC}") = "RigGen", "RigGen\RigGen.csproj", "{8DD6DB9A-8F5E-452D-B0BE-74E716CC3B1C}"
EndProject
Project("{FAE04EC0-301F-11D3-BF4B-00C04F79EFBC}") = "JsonData", "JsonData\JsonData.csproj", "{68842132-1BD9-44AE-9F9A-DA7780BD9724}"
EndProject
Project("{2150E333-8FDC-42A3-9474-1A3956D46DE8}") = "Tests", "Tests", "{B1E67E3F-43AB-4D19-B632-B52E796C91BF}"
EndProject
Project("{FAE04EC0-301F-11D3-BF4B-00C04F79EFBC}") = "JsonDataTests", "Tests\JsonDataTests\JsonDataTests.csproj", "{8ED3DC99-3A14-4AA2-9854-BF0F48DADC92}"
EndProject
Global
	GlobalSection(SolutionConfigurationPlatforms) = preSolution
		Debug|Any CPU = Debug|Any CPU
		Release|Any CPU = Release|Any CPU
	EndGlobalSection
	GlobalSection(SolutionProperties) = preSolution
		HideSolutionNode = FALSE
	EndGlobalSection
	GlobalSection(ProjectConfigurationPlatforms) = postSolution
		{8DD6DB9A-8F5E-452D-B0BE-74E716CC3B1C}.Debug|Any CPU.ActiveCfg = Debug|Any CPU
		{8DD6DB9A-8F5E-452D-B0BE-74E716CC3B1C}.Debug|Any CPU.Build.0 = Debug|Any CPU
		{8DD6DB9A-8F5E-452D-B0BE-74E716CC3B1C}.Release|Any CPU.ActiveCfg = Release|Any CPU
		{8DD6DB9A-8F5E-452D-B0BE-74E716CC3B1C}.Release|Any CPU.Build.0 = Release|Any CPU
		{68842132-1BD9-44AE-9F9A-DA7780BD9724}.Debug|Any CPU.ActiveCfg = Debug|Any CPU
		{68842132-1BD9-44AE-9F9A-DA7780BD9724}.Debug|Any CPU.Build.0 = Debug|Any CPU
		{68842132-1BD9-44AE-9F9A-DA7780BD9724}.Release|Any CPU.ActiveCfg = Release|Any CPU
		{68842132-1BD9-44AE-9F9A-DA7780BD9724}.Release|Any CPU.Build.0 = Release|Any CPU
		{8ED3DC99-3A14-4AA2-9854-BF0F48DADC92}.Debug|Any CPU.ActiveCfg = Debug|Any CPU
		{8ED3DC99-3A14-4AA2-9854-BF0F48DADC92}.Debug|Any CPU.Build.0 = Debug|Any CPU
		{8ED3DC99-3A14-4AA2-9854-BF0F48DADC92}.Release|Any CPU.ActiveCfg = Release|Any CPU
		{8ED3DC99-3A14-4AA2-9854-BF0F48DADC92}.Release|Any CPU.Build.0 = Release|Any CPU
	EndGlobalSection
	GlobalSection(NestedProjects) = preSolution
		{8ED3DC99-3A14-4AA2-9854-BF0F48DADC92} = {B1E67E3F-43AB-4D19-B632-B52E796C91BF}
	EndGlobalSection
EndGlobal
